// !$*UTF8*$!
{
	archiveVersion = 1;
	classes = {
	};
	objectVersion = 50;
	objects = {

/* Begin PBXBuildFile section */
		9446381223747C6D0089D4A1 /* AppDelegate.swift in Sources */ = {isa = PBXBuildFile; fileRef = 9446381123747C6D0089D4A1 /* AppDelegate.swift */; };
		9446381423747C6D0089D4A1 /* SceneDelegate.swift in Sources */ = {isa = PBXBuildFile; fileRef = 9446381323747C6D0089D4A1 /* SceneDelegate.swift */; };
		9446381923747C6D0089D4A1 /* Main.storyboard in Resources */ = {isa = PBXBuildFile; fileRef = 9446381723747C6D0089D4A1 /* Main.storyboard */; };
		9446381B23747C6D0089D4A1 /* Assets.xcassets in Resources */ = {isa = PBXBuildFile; fileRef = 9446381A23747C6D0089D4A1 /* Assets.xcassets */; };
		9446381E23747C6D0089D4A1 /* LaunchScreen.storyboard in Resources */ = {isa = PBXBuildFile; fileRef = 9446381C23747C6D0089D4A1 /* LaunchScreen.storyboard */; };
		9446382A237B0EC00089D4A1 /* CustomButtom.swift in Sources */ = {isa = PBXBuildFile; fileRef = 94463829237B0EC00089D4A1 /* CustomButtom.swift */; };
		9446382C237B393D0089D4A1 /* ViewController.swift in Sources */ = {isa = PBXBuildFile; fileRef = 9446382B237B393D0089D4A1 /* ViewController.swift */; };
/* End PBXBuildFile section */

/* Begin PBXFileReference section */
		9446380E23747C6D0089D4A1 /* Custom UIButton.app */ = {isa = PBXFileReference; explicitFileType = wrapper.application; includeInIndex = 0; path = "Custom UIButton.app"; sourceTree = BUILT_PRODUCTS_DIR; };
		9446381123747C6D0089D4A1 /* AppDelegate.swift */ = {isa = PBXFileReference; lastKnownFileType = sourcecode.swift; path = AppDelegate.swift; sourceTree = "<group>"; };
		9446381323747C6D0089D4A1 /* SceneDelegate.swift */ = {isa = PBXFileReference; lastKnownFileType = sourcecode.swift; path = SceneDelegate.swift; sourceTree = "<group>"; };
		9446381823747C6D0089D4A1 /* Base */ = {isa = PBXFileReference; lastKnownFileType = file.storyboard; name = Base; path = Base.lproj/Main.storyboard; sourceTree = "<group>"; };
		9446381A23747C6D0089D4A1 /* Assets.xcassets */ = {isa = PBXFileReference; lastKnownFileType = folder.assetcatalog; path = Assets.xcassets; sourceTree = "<group>"; };
		9446381D23747C6D0089D4A1 /* Base */ = {isa = PBXFileReference; lastKnownFileType = file.storyboard; name = Base; path = Base.lproj/LaunchScreen.storyboard; sourceTree = "<group>"; };
		9446381F23747C6D0089D4A1 /* Info.plist */ = {isa = PBXFileReference; lastKnownFileType = text.plist.xml; path = Info.plist; sourceTree = "<group>"; };
		94463829237B0EC00089D4A1 /* CustomButtom.swift */ = {isa = PBXFileReference; lastKnownFileType = sourcecode.swift; path = CustomButtom.swift; sourceTree = "<group>"; };
		9446382B237B393D0089D4A1 /* ViewController.swift */ = {isa = PBXFileReference; fileEncoding = 4; lastKnownFileType = sourcecode.swift; path = ViewController.swift; sourceTree = "<group>"; };
/* End PBXFileReference section */

/* Begin PBXFrameworksBuildPhase section */
		9446380B23747C6C0089D4A1 /* Frameworks */ = {
			isa = PBXFrameworksBuildPhase;
			buildActionMask = 2147483647;
			files = (
			);
			runOnlyForDeploymentPostprocessing = 0;
		};
/* End PBXFrameworksBuildPhase section */

/* Begin PBXGroup section */
		9446380523747C6C0089D4A1 = {
			isa = PBXGroup;
			children = (
				9446381023747C6D0089D4A1 /* Custom UIButton */,
				9446380F23747C6D0089D4A1 /* Products */,
			);
			sourceTree = "<group>";
		};
		9446380F23747C6D0089D4A1 /* Products */ = {
			isa = PBXGroup;
			children = (
				9446380E23747C6D0089D4A1 /* Custom UIButton.app */,
			);
			name = Products;
			sourceTree = "<group>";
		};
		9446381023747C6D0089D4A1 /* Custom UIButton */ = {
			isa = PBXGroup;
			children = (
				9446381123747C6D0089D4A1 /* AppDelegate.swift */,
				9446381323747C6D0089D4A1 /* SceneDelegate.swift */,
				9446382B237B393D0089D4A1 /* ViewController.swift */,
				9446381723747C6D0089D4A1 /* Main.storyboard */,
				9446381A23747C6D0089D4A1 /* Assets.xcassets */,
				9446381C23747C6D0089D4A1 /* LaunchScreen.storyboard */,
				9446381F23747C6D0089D4A1 /* Info.plist */,
				94463829237B0EC00089D4A1 /* CustomButtom.swift */,
			);
			path = "Custom UIButton";
			sourceTree = "<group>";
		};
/* End PBXGroup section */

/* Begin PBXNativeTarget section */
		9446380D23747C6C0089D4A1 /* Custom UIButton */ = {
			isa = PBXNativeTarget;
			buildConfigurationList = 9446382223747C6D0089D4A1 /* Build configuration list for PBXNativeTarget "Custom UIButton" */;
			buildPhases = (
				9446380A23747C6C0089D4A1 /* Sources */,
				9446380B23747C6C0089D4A1 /* Frameworks */,
				9446380C23747C6C0089D4A1 /* Resources */,
			);
			buildRules = (
			);
			dependencies = (
			);
			name = "Custom UIButton";
			productName = "Custom UIButton";
			productReference = 9446380E23747C6D0089D4A1 /* Custom UIButton.app */;
			productType = "com.apple.product-type.application";
		};
/* End PBXNativeTarget section */

/* Begin PBXProject section */
		9446380623747C6C0089D4A1 /* Project object */ = {
			isa = PBXProject;
			attributes = {
				LastSwiftUpdateCheck = 1120;
				LastUpgradeCheck = 1120;
				ORGANIZATIONNAME = Maxim;
				TargetAttributes = {
					9446380D23747C6C0089D4A1 = {
						CreatedOnToolsVersion = 11.2;
					};
				};
			};
			buildConfigurationList = 9446380923747C6C0089D4A1 /* Build configuration list for PBXProject "Custom UIButton" */;
			compatibilityVersion = "Xcode 9.3";
			developmentRegion = en;
			hasScannedForEncodings = 0;
			knownRegions = (
				en,
				Base,
			);
			mainGroup = 9446380523747C6C0089D4A1;
			productRefGroup = 9446380F23747C6D0089D4A1 /* Products */;
			projectDirPath = "";
			projectRoot = "";
			targets = (
				9446380D23747C6C0089D4A1 /* Custom UIButton */,
			);
		};
/* End PBXProject section */

/* Begin PBXResourcesBuildPhase section */
		9446380C23747C6C0089D4A1 /* Resources */ = {
			isa = PBXResourcesBuildPhase;
			buildActionMask = 2147483647;
			files = (
				9446381E23747C6D0089D4A1 /* LaunchScreen.storyboard in Resources */,
				9446381B23747C6D0089D4A1 /* Assets.xcassets in Resources */,
				9446381923747C6D0089D4A1 /* Main.storyboard in Resources */,
			);
			runOnlyForDeploymentPostprocessing = 0;
		};
/* End PBXResourcesBuildPhase section */

/* Begin PBXSourcesBuildPhase section */
		9446380A23747C6C0089D4A1 /* Sources */ = {
			isa = PBXSourcesBuildPhase;
			buildActionMask = 2147483647;
			files = (
				9446381223747C6D0089D4A1 /* AppDelegate.swift in Sources */,
				9446381423747C6D0089D4A1 /* SceneDelegate.swift in Sources */,
				9446382C237B393D0089D4A1 /* ViewController.swift in Sources */,
				9446382A237B0EC00089D4A1 /* CustomButtom.swift in Sources */,
			);
			runOnlyForDeploymentPostprocessing = 0;
		};
/* End PBXSourcesBuildPhase section */

/* Begin PBXVariantGroup section */
		9446381723747C6D0089D4A1 /* Main.storyboard */ = {
			isa = PBXVariantGroup;
			children = (
				9446381823747C6D0089D4A1 /* Base */,
			);
			name = Main.storyboard;
			sourceTree = "<group>";
		};
		9446381C23747C6D0089D4A1 /* LaunchScreen.storyboard */ = {
			isa = PBXVariantGroup;
			children = (
				9446381D23747C6D0089D4A1 /* Base */,
			);
			name = LaunchScreen.storyboard;
			sourceTree = "<group>";
		};
/* End PBXVariantGroup section */

/* Begin XCBuildConfiguration section */
		9446382023747C6D0089D4A1 /* Debug */ = {
			isa = XCBuildConfiguration;
			buildSettings = {
				ALWAYS_SEARCH_USER_PATHS = NO;
				CLANG_ANALYZER_NONNULL = YES;
				CLANG_ANALYZER_NUMBER_OBJECT_CONVERSION = YES_AGGRESSIVE;
				CLANG_CXX_LANGUAGE_STANDARD = "gnu++14";
				CLANG_CXX_LIBRARY = "libc++";
				CLANG_ENABLE_MODULES = YES;
				CLANG_ENABLE_OBJC_ARC = YES;
				CLANG_ENABLE_OBJC_WEAK = YES;
				CLANG_WARN_BLOCK_CAPTURE_AUTORELEASING = YES;
				CLANG_WARN_BOOL_CONVERSION = YES;
				CLANG_WARN_COMMA = YES;
				CLANG_WARN_CONSTANT_CONVERSION = YES;
				CLANG_WARN_DEPRECATED_OBJC_IMPLEMENTATIONS = YES;
				CLANG_WARN_DIRECT_OBJC_ISA_USAGE = YES_ERROR;
				CLANG_WARN_DOCUMENTATION_COMMENTS = YES;
				CLANG_WARN_EMPTY_BODY = YES;
				CLANG_WARN_ENUM_CONVERSION = YES;
				CLANG_WARN_INFINITE_RECURSION = YES;
				CLANG_WARN_INT_CONVERSION = YES;
				CLANG_WARN_NON_LITERAL_NULL_CONVERSION = YES;
				CLANG_WARN_OBJC_IMPLICIT_RETAIN_SELF = YES;
				CLANG_WARN_OBJC_LITERAL_CONVERSION = YES;
				CLANG_WARN_OBJC_ROOT_CLASS = YES_ERROR;
				CLANG_WARN_RANGE_LOOP_ANALYSIS = YES;
				CLANG_WARN_STRICT_PROTOTYPES = YES;
				CLANG_WARN_SUSPICIOUS_MOVE = YES;
				CLANG_WARN_UNGUARDED_AVAILABILITY = YES_AGGRESSIVE;
				CLANG_WARN_UNREACHABLE_CODE = YES;
				CLANG_WARN__DUPLICATE_METHOD_MATCH = YES;
				COPY_PHASE_STRIP = NO;
				DEBUG_INFORMATION_FORMAT = dwarf;
				ENABLE_STRICT_OBJC_MSGSEND = YES;
				ENABLE_TESTABILITY = YES;
				GCC_C_LANGUAGE_STANDARD = gnu11;
				GCC_DYNAMIC_NO_PIC = NO;
				GCC_NO_COMMON_BLOCKS = YES;
				GCC_OPTIMIZATION_LEVEL = 0;
				GCC_PREPROCESSOR_DEFINITIONS = (
					"DEBUG=1",
					"$(inherited)",
				);
				GCC_WARN_64_TO_32_BIT_CONVERSION = YES;
				GCC_WARN_ABOUT_RETURN_TYPE = YES_ERROR;
				GCC_WARN_UNDECLARED_SELECTOR = YES;
				GCC_WARN_UNINITIALIZED_AUTOS = YES_AGGRESSIVE;
				GCC_WARN_UNUSED_FUNCTION = YES;
				GCC_WARN_UNUSED_VARIABLE = YES;
				IPHONEOS_DEPLOYMENT_TARGET = 13.2;
				MTL_ENABLE_DEBUG_INFO = INCLUDE_SOURCE;
				MTL_FAST_MATH = YES;
				ONLY_ACTIVE_ARCH = YES;
				SDKROOT = iphoneos;
				SWIFT_ACTIVE_COMPILATION_CONDITIONS = DEBUG;
				SWIFT_OPTIMIZATION_LEVEL = "-Onone";
			};
			name = Debug;
		};
		9446382123747C6D0089D4A1 /* Release */ = {
			isa = XCBuildConfiguration;
			buildSettings = {
				ALWAYS_SEARCH_USER_PATHS = NO;
				CLANG_ANALYZER_NONNULL = YES;
				CLANG_ANALYZER_NUMBER_OBJECT_CONVERSION = YES_AGGRESSIVE;
				CLANG_CXX_LANGUAGE_STANDARD = "gnu++14";
				CLANG_CXX_LIBRARY = "libc++";
				CLANG_ENABLE_MODULES = YES;
				CLANG_ENABLE_OBJC_ARC = YES;
				CLANG_ENABLE_OBJC_WEAK = YES;
				CLANG_WARN_BLOCK_CAPTURE_AUTORELEASING = YES;
				CLANG_WARN_BOOL_CONVERSION = YES;
				CLANG_WARN_COMMA = YES;
				CLANG_WARN_CONSTANT_CONVERSION = YES;
				CLANG_WARN_DEPRECATED_OBJC_IMPLEMENTATIONS = YES;
				CLANG_WARN_DIRECT_OBJC_ISA_USAGE = YES_ERROR;
				CLANG_WARN_DOCUMENTATION_COMMENTS = YES;
				CLANG_WARN_EMPTY_BODY = YES;
				CLANG_WARN_ENUM_CONVERSION = YES;
				CLANG_WARN_INFINITE_RECURSION = YES;
				CLANG_WARN_INT_CONVERSION = YES;
				CLANG_WARN_NON_LITERAL_NULL_CONVERSION = YES;
				CLANG_WARN_OBJC_IMPLICIT_RETAIN_SELF = YES;
				CLANG_WARN_OBJC_LITERAL_CONVERSION = YES;
				CLANG_WARN_OBJC_ROOT_CLASS = YES_ERROR;
				CLANG_WARN_RANGE_LOOP_ANALYSIS = YES;
				CLANG_WARN_STRICT_PROTOTYPES = YES;
				CLANG_WARN_SUSPICIOUS_MOVE = YES;
				CLANG_WARN_UNGUARDED_AVAILABILITY = YES_AGGRESSIVE;
				CLANG_WARN_UNREACHABLE_CODE = YES;
				CLANG_WARN__DUPLICATE_METHOD_MATCH = YES;
				COPY_PHASE_STRIP = NO;
				DEBUG_INFORMATION_FORMAT = "dwarf-with-dsym";
				ENABLE_NS_ASSERTIONS = NO;
				ENABLE_STRICT_OBJC_MSGSEND = YES;
				GCC_C_LANGUAGE_STANDARD = gnu11;
				GCC_NO_COMMON_BLOCKS = YES;
				GCC_WARN_64_TO_32_BIT_CONVERSION = YES;
				GCC_WARN_ABOUT_RETURN_TYPE = YES_ERROR;
				GCC_WARN_UNDECLARED_SELECTOR = YES;
				GCC_WARN_UNINITIALIZED_AUTOS = YES_AGGRESSIVE;
				GCC_WARN_UNUSED_FUNCTION = YES;
				GCC_WARN_UNUSED_VARIABLE = YES;
				IPHONEOS_DEPLOYMENT_TARGET = 13.2;
				MTL_ENABLE_DEBUG_INFO = NO;
				MTL_FAST_MATH = YES;
				SDKROOT = iphoneos;
				SWIFT_COMPILATION_MODE = wholemodule;
				SWIFT_OPTIMIZATION_LEVEL = "-O";
				VALIDATE_PRODUCT = YES;
			};
			name = Release;
		};
		9446382323747C6D0089D4A1 /* Debug */ = {
			isa = XCBuildConfiguration;
			buildSettings = {
				ASSETCATALOG_COMPILER_APPICON_NAME = AppIcon;
				CODE_SIGN_STYLE = Automatic;
				INFOPLIST_FILE = "Custom UIButton/Info.plist";
				LD_RUNPATH_SEARCH_PATHS = (
					"$(inherited)",
					"@executable_path/Frameworks",
				);
				PRODUCT_BUNDLE_IDENTIFIER = "com.Custom-UIButton";
				PRODUCT_NAME = "$(TARGET_NAME)";
				SWIFT_VERSION = 5.0;
				TARGETED_DEVICE_FAMILY = "1,2";
			};
			name = Debug;
		};
		9446382423747C6D0089D4A1 /* Release */ = {
			isa = XCBuildConfiguration;
			buildSettings = {
				ASSETCATALOG_COMPILER_APPICON_NAME = AppIcon;
				CODE_SIGN_STYLE = Automatic;
				INFOPLIST_FILE = "Custom UIButton/Info.plist";
				LD_RUNPATH_SEARCH_PATHS = (
					"$(inherited)",
					"@executable_path/Frameworks",
				);
				PRODUCT_BUNDLE_IDENTIFIER = "com.Custom-UIButton";
				PRODUCT_NAME = "$(TARGET_NAME)";
				SWIFT_VERSION = 5.0;
				TARGETED_DEVICE_FAMILY = "1,2";
			};
			name = Release;
		};
/* End XCBuildConfiguration section */

/* Begin XCConfigurationList section */
		9446380923747C6C0089D4A1 /* Build configuration list for PBXProject "Custom UIButton" */ = {
			isa = XCConfigurationList;
			buildConfigurations = (
				9446382023747C6D0089D4A1 /* Debug */,
				9446382123747C6D0089D4A1 /* Release */,
			);
			defaultConfigurationIsVisible = 0;
			defaultConfigurationName = Release;
		};
		9446382223747C6D0089D4A1 /* Build configuration list for PBXNativeTarget "Custom UIButton" */ = {
			isa = XCConfigurationList;
			buildConfigurations = (
				9446382323747C6D0089D4A1 /* Debug */,
				9446382423747C6D0089D4A1 /* Release */,
			);
			defaultConfigurationIsVisible = 0;
			defaultConfigurationName = Release;
		};
/* End XCConfigurationList section */
	};
	rootObject = 9446380623747C6C0089D4A1 /* Project object */;
}
